
Microsoft Visual Studio Solution File, Format Version 12.00
# Visual Studio 14
VisualStudioVersion = 14.0.25123.0
MinimumVisualStudioVersion = 10.0.40219.1
Project("{2150E333-8FDC-42A3-9474-1A3956D46DE8}") = "CSharpDemos", "CSharpDemos", "{0F073818-C4C2-4A47-B9E7-9960CFA9D7B1}"
EndProject
Project("{FAE04EC0-301F-11D3-BF4B-00C04F79EFBC}") = "GenericsDemo", "GenericsDemo\GenericsDemo.csproj", "{8F07E8F5-4197-4F9C-8C95-3345D64B8796}"
EndProject
Project("{FAE04EC0-301F-11D3-BF4B-00C04F79EFBC}") = "DemoUnitTests", "DemoUnitTests\DemoUnitTests.csproj", "{28E87B0A-63C5-45D3-94C1-2D77872C2928}"
EndProject
Project("{FAE04EC0-301F-11D3-BF4B-00C04F79EFBC}") = "DesignPatterns", "DesignPatterns\DesignPatterns.csproj", "{11290687-756A-42BF-BE62-F6D513A190C1}"
EndProject
Project("{FAE04EC0-301F-11D3-BF4B-00C04F79EFBC}") = "ExtentionMethods", "ExtentionMethods\ExtentionMethods.csproj", "{68237E93-0274-4556-9710-50D44E44F4A5}"
EndProject
Project("{FAE04EC0-301F-11D3-BF4B-00C04F79EFBC}") = "DesignPrinciples", "DesignPrinciples\DesignPrinciples.csproj", "{956881CF-5B39-4C90-8865-DD16C9D592C4}"
EndProject
Global
	GlobalSection(SolutionConfigurationPlatforms) = preSolution
		Debug|Any CPU = Debug|Any CPU
		Release|Any CPU = Release|Any CPU
	EndGlobalSection
	GlobalSection(ProjectConfigurationPlatforms) = postSolution
		{8F07E8F5-4197-4F9C-8C95-3345D64B8796}.Debug|Any CPU.ActiveCfg = Debug|Any CPU
		{8F07E8F5-4197-4F9C-8C95-3345D64B8796}.Debug|Any CPU.Build.0 = Debug|Any CPU
		{8F07E8F5-4197-4F9C-8C95-3345D64B8796}.Release|Any CPU.ActiveCfg = Release|Any CPU
		{8F07E8F5-4197-4F9C-8C95-3345D64B8796}.Release|Any CPU.Build.0 = Release|Any CPU
		{28E87B0A-63C5-45D3-94C1-2D77872C2928}.Debug|Any CPU.ActiveCfg = Debug|Any CPU
		{28E87B0A-63C5-45D3-94C1-2D77872C2928}.Debug|Any CPU.Build.0 = Debug|Any CPU
		{28E87B0A-63C5-45D3-94C1-2D77872C2928}.Release|Any CPU.ActiveCfg = Release|Any CPU
		{28E87B0A-63C5-45D3-94C1-2D77872C2928}.Release|Any CPU.Build.0 = Release|Any CPU
		{11290687-756A-42BF-BE62-F6D513A190C1}.Debug|Any CPU.ActiveCfg = Debug|Any CPU
		{11290687-756A-42BF-BE62-F6D513A190C1}.Debug|Any CPU.Build.0 = Debug|Any CPU
		{11290687-756A-42BF-BE62-F6D513A190C1}.Release|Any CPU.ActiveCfg = Release|Any CPU
		{11290687-756A-42BF-BE62-F6D513A190C1}.Release|Any CPU.Build.0 = Release|Any CPU
		{68237E93-0274-4556-9710-50D44E44F4A5}.Debug|Any CPU.ActiveCfg = Debug|Any CPU
		{68237E93-0274-4556-9710-50D44E44F4A5}.Debug|Any CPU.Build.0 = Debug|Any CPU
		{68237E93-0274-4556-9710-50D44E44F4A5}.Release|Any CPU.ActiveCfg = Release|Any CPU
		{68237E93-0274-4556-9710-50D44E44F4A5}.Release|Any CPU.Build.0 = Release|Any CPU
		{956881CF-5B39-4C90-8865-DD16C9D592C4}.Debug|Any CPU.ActiveCfg = Debug|Any CPU
		{956881CF-5B39-4C90-8865-DD16C9D592C4}.Debug|Any CPU.Build.0 = Debug|Any CPU
		{956881CF-5B39-4C90-8865-DD16C9D592C4}.Release|Any CPU.ActiveCfg = Release|Any CPU
		{956881CF-5B39-4C90-8865-DD16C9D592C4}.Release|Any CPU.Build.0 = Release|Any CPU
	EndGlobalSection
	GlobalSection(SolutionProperties) = preSolution
		HideSolutionNode = FALSE
	EndGlobalSection
	GlobalSection(NestedProjects) = preSolution
		{8F07E8F5-4197-4F9C-8C95-3345D64B8796} = {0F073818-C4C2-4A47-B9E7-9960CFA9D7B1}
		{11290687-756A-42BF-BE62-F6D513A190C1} = {0F073818-C4C2-4A47-B9E7-9960CFA9D7B1}
		{68237E93-0274-4556-9710-50D44E44F4A5} = {0F073818-C4C2-4A47-B9E7-9960CFA9D7B1}
		{956881CF-5B39-4C90-8865-DD16C9D592C4} = {0F073818-C4C2-4A47-B9E7-9960CFA9D7B1}
	EndGlobalSection
EndGlobal
